# This file is automatically @generated by Cargo.
# It is not intended for manual editing.
version = 4

[[package]]
name = "idmx-client"
version = "0.0.0"
dependencies = [
 "idmx-core",
]

[[package]]
name = "idmx-core"
version = "0.0.0"

[[package]]
name = "idmx-server"
version = "0.0.0"
dependencies = [
 "idmx-core",
]
